// !$*UTF8*$!
{
	archiveVersion = 1;
	classes = {
	};
	objectVersion = 56;
	objects = {

/* Begin PBXBuildFile section */
		17D452122E129EB7006D1FA1 /* simunadoApp.swift in Sources */ = {isa = PBXBuildFile; fileRef = 17D452112E129EB7006D1FA1 /* simunadoApp.swift */; };
		17D452162E129EB9006D1FA1 /* Assets.xcassets in Resources */ = {isa = PBXBuildFile; fileRef = 17D452152E129EB9006D1FA1 /* Assets.xcassets */; };
		17D452192E129EB9006D1FA1 /* Preview Assets.xcassets in Resources */ = {isa = PBXBuildFile; fileRef = 17D452182E129EB9006D1FA1 /* Preview Assets.xcassets */; };
		17D452232E129EB9006D1FA1 /* simunadoTests.swift in Sources */ = {isa = PBXBuildFile; fileRef = 17D452222E129EB9006D1FA1 /* simunadoTests.swift */; };
		17D4522D2E129EB9006D1FA1 /* simunadoUITests.swift in Sources */ = {isa = PBXBuildFile; fileRef = 17D4522C2E129EB9006D1FA1 /* simunadoUITests.swift */; };
		17D4522F2E129EB9006D1FA1 /* simunadoUITestsLaunchTests.swift in Sources */ = {isa = PBXBuildFile; fileRef = 17D4522E2E129EB9006D1FA1 /* simunadoUITestsLaunchTests.swift */; };
		17D452472E129EF3006D1FA1 /* ContentView.swift in Sources */ = {isa = PBXBuildFile; fileRef = 17D4523B2E129EE4006D1FA1 /* ContentView.swift */; };
		17D452482E129EF3006D1FA1 /* Prova.swift in Sources */ = {isa = PBXBuildFile; fileRef = 17D4523C2E129EE7006D1FA1 /* Prova.swift */; };
		17D452492E129EF3006D1FA1 /* GabaritoView.swift in Sources */ = {isa = PBXBuildFile; fileRef = 17D4523D2E129EEA006D1FA1 /* GabaritoView.swift */; };
		17D4524A2E129EF3006D1FA1 /* GabaritoResumoView.swift in Sources */ = {isa = PBXBuildFile; fileRef = 17D4523E2E129EED006D1FA1 /* GabaritoResumoView.swift */; };
		17D4524B2E129EF3006D1FA1 /* JustifiedText.swift in Sources */ = {isa = PBXBuildFile; fileRef = 17D4523F2E129EEF006D1FA1 /* JustifiedText.swift */; };
		17D4524C2E129EF3006D1FA1 /* GabaritoResumoSimplesView.swift in Sources */ = {isa = PBXBuildFile; fileRef = 17D452412E129EF1006D1FA1 /* GabaritoResumoSimplesView.swift */; };
		17D4524D2E129EF3006D1FA1 /* QuestaoRow.swift in Sources */ = {isa = PBXBuildFile; fileRef = 17D452422E129EF1006D1FA1 /* QuestaoRow.swift */; };
		17D4524E2E129EF3006D1FA1 /* QuestoesView.swift in Sources */ = {isa = PBXBuildFile; fileRef = 17D452432E129EF1006D1FA1 /* QuestoesView.swift */; };
		17D452502E129EF3006D1FA1 /* RespostasManager.swift in Sources */ = {isa = PBXBuildFile; fileRef = 17D452452E129EF2006D1FA1 /* RespostasManager.swift */; };
		17D452512E129EF3006D1FA1 /* JSONLoader.swift in Sources */ = {isa = PBXBuildFile; fileRef = 17D452462E129EF3006D1FA1 /* JSONLoader.swift */; };
		17D452552E12A2A7006D1FA1 /* prova_1.json in Resources */ = {isa = PBXBuildFile; fileRef = 17D452542E12A2A7006D1FA1 /* prova_1.json */; };
/* End PBXBuildFile section */

/* Begin PBXContainerItemProxy section */
		17D4521F2E129EB9006D1FA1 /* PBXContainerItemProxy */ = {
			isa = PBXContainerItemProxy;
			containerPortal = 17D452062E129EB7006D1FA1 /* Project object */;
			proxyType = 1;
			remoteGlobalIDString = 17D4520D2E129EB7006D1FA1;
			remoteInfo = simunado;
		};
		17D452292E129EB9006D1FA1 /* PBXContainerItemProxy */ = {
			isa = PBXContainerItemProxy;
			containerPortal = 17D452062E129EB7006D1FA1 /* Project object */;
			proxyType = 1;
			remoteGlobalIDString = 17D4520D2E129EB7006D1FA1;
			remoteInfo = simunado;
		};
/* End PBXContainerItemProxy section */

/* Begin PBXFileReference section */
		17D4520E2E129EB7006D1FA1 /* simunado.app */ = {isa = PBXFileReference; explicitFileType = wrapper.application; includeInIndex = 0; path = simunado.app; sourceTree = BUILT_PRODUCTS_DIR; };
		17D452112E129EB7006D1FA1 /* simunadoApp.swift */ = {isa = PBXFileReference; lastKnownFileType = sourcecode.swift; path = simunadoApp.swift; sourceTree = "<group>"; };
		17D452152E129EB9006D1FA1 /* Assets.xcassets */ = {isa = PBXFileReference; lastKnownFileType = folder.assetcatalog; path = Assets.xcassets; sourceTree = "<group>"; };
		17D452182E129EB9006D1FA1 /* Preview Assets.xcassets */ = {isa = PBXFileReference; lastKnownFileType = folder.assetcatalog; path = "Preview Assets.xcassets"; sourceTree = "<group>"; };
		17D4521E2E129EB9006D1FA1 /* simunadoTests.xctest */ = {isa = PBXFileReference; explicitFileType = wrapper.cfbundle; includeInIndex = 0; path = simunadoTests.xctest; sourceTree = BUILT_PRODUCTS_DIR; };
		17D452222E129EB9006D1FA1 /* simunadoTests.swift */ = {isa = PBXFileReference; lastKnownFileType = sourcecode.swift; path = simunadoTests.swift; sourceTree = "<group>"; };
		17D452282E129EB9006D1FA1 /* simunadoUITests.xctest */ = {isa = PBXFileReference; explicitFileType = wrapper.cfbundle; includeInIndex = 0; path = simunadoUITests.xctest; sourceTree = BUILT_PRODUCTS_DIR; };
		17D4522C2E129EB9006D1FA1 /* simunadoUITests.swift */ = {isa = PBXFileReference; lastKnownFileType = sourcecode.swift; path = simunadoUITests.swift; sourceTree = "<group>"; };
		17D4522E2E129EB9006D1FA1 /* simunadoUITestsLaunchTests.swift */ = {isa = PBXFileReference; lastKnownFileType = sourcecode.swift; path = simunadoUITestsLaunchTests.swift; sourceTree = "<group>"; };
		17D4523B2E129EE4006D1FA1 /* ContentView.swift */ = {isa = PBXFileReference; fileEncoding = 4; lastKnownFileType = sourcecode.swift; path = ContentView.swift; sourceTree = "<group>"; };
		17D4523C2E129EE7006D1FA1 /* Prova.swift */ = {isa = PBXFileReference; fileEncoding = 4; lastKnownFileType = sourcecode.swift; path = Prova.swift; sourceTree = "<group>"; };
		17D4523D2E129EEA006D1FA1 /* GabaritoView.swift */ = {isa = PBXFileReference; fileEncoding = 4; lastKnownFileType = sourcecode.swift; path = GabaritoView.swift; sourceTree = "<group>"; };
		17D4523E2E129EED006D1FA1 /* GabaritoResumoView.swift */ = {isa = PBXFileReference; fileEncoding = 4; lastKnownFileType = sourcecode.swift; path = GabaritoResumoView.swift; sourceTree = "<group>"; };
		17D4523F2E129EEF006D1FA1 /* JustifiedText.swift */ = {isa = PBXFileReference; fileEncoding = 4; lastKnownFileType = sourcecode.swift; path = JustifiedText.swift; sourceTree = "<group>"; };
		17D452402E129EF0006D1FA1 /* p_estudo-Bridging-Header.h */ = {isa = PBXFileReference; fileEncoding = 4; lastKnownFileType = sourcecode.c.h; path = "p_estudo-Bridging-Header.h"; sourceTree = "<group>"; };
		17D452412E129EF1006D1FA1 /* GabaritoResumoSimplesView.swift */ = {isa = PBXFileReference; fileEncoding = 4; lastKnownFileType = sourcecode.swift; path = GabaritoResumoSimplesView.swift; sourceTree = "<group>"; };
		17D452422E129EF1006D1FA1 /* QuestaoRow.swift */ = {isa = PBXFileReference; fileEncoding = 4; lastKnownFileType = sourcecode.swift; path = QuestaoRow.swift; sourceTree = "<group>"; };
		17D452432E129EF1006D1FA1 /* QuestoesView.swift */ = {isa = PBXFileReference; fileEncoding = 4; lastKnownFileType = sourcecode.swift; path = QuestoesView.swift; sourceTree = "<group>"; };
		17D452452E129EF2006D1FA1 /* RespostasManager.swift */ = {isa = PBXFileReference; fileEncoding = 4; lastKnownFileType = sourcecode.swift; path = RespostasManager.swift; sourceTree = "<group>"; };
		17D452462E129EF3006D1FA1 /* JSONLoader.swift */ = {isa = PBXFileReference; fileEncoding = 4; lastKnownFileType = sourcecode.swift; path = JSONLoader.swift; sourceTree = "<group>"; };
		17D452542E12A2A7006D1FA1 /* prova_1.json */ = {isa = PBXFileReference; fileEncoding = 4; lastKnownFileType = text.json; path = prova_1.json; sourceTree = "<group>"; };
/* End PBXFileReference section */

/* Begin PBXFrameworksBuildPhase section */
		17D4520B2E129EB7006D1FA1 /* Frameworks */ = {
			isa = PBXFrameworksBuildPhase;
			buildActionMask = 2147483647;
			files = (
			);
			runOnlyForDeploymentPostprocessing = 0;
		};
		17D4521B2E129EB9006D1FA1 /* Frameworks */ = {
			isa = PBXFrameworksBuildPhase;
			buildActionMask = 2147483647;
			files = (
			);
			runOnlyForDeploymentPostprocessing = 0;
		};
		17D452252E129EB9006D1FA1 /* Frameworks */ = {
			isa = PBXFrameworksBuildPhase;
			buildActionMask = 2147483647;
			files = (
			);
			runOnlyForDeploymentPostprocessing = 0;
		};
/* End PBXFrameworksBuildPhase section */

/* Begin PBXGroup section */
		17D452052E129EB7006D1FA1 = {
			isa = PBXGroup;
			children = (
				17D452542E12A2A7006D1FA1 /* prova_1.json */,
				17D452102E129EB7006D1FA1 /* simunado */,
				17D452212E129EB9006D1FA1 /* simunadoTests */,
				17D4522B2E129EB9006D1FA1 /* simunadoUITests */,
				17D4520F2E129EB7006D1FA1 /* Products */,
			);
			sourceTree = "<group>";
		};
		17D4520F2E129EB7006D1FA1 /* Products */ = {
			isa = PBXGroup;
			children = (
				17D4520E2E129EB7006D1FA1 /* simunado.app */,
				17D4521E2E129EB9006D1FA1 /* simunadoTests.xctest */,
				17D452282E129EB9006D1FA1 /* simunadoUITests.xctest */,
			);
			name = Products;
			sourceTree = "<group>";
		};
		17D452102E129EB7006D1FA1 /* simunado */ = {
			isa = PBXGroup;
			children = (
				17D4523B2E129EE4006D1FA1 /* ContentView.swift */,
				17D452412E129EF1006D1FA1 /* GabaritoResumoSimplesView.swift */,
				17D4523E2E129EED006D1FA1 /* GabaritoResumoView.swift */,
				17D4523D2E129EEA006D1FA1 /* GabaritoView.swift */,
				17D452462E129EF3006D1FA1 /* JSONLoader.swift */,
				17D4523F2E129EEF006D1FA1 /* JustifiedText.swift */,
				17D452402E129EF0006D1FA1 /* p_estudo-Bridging-Header.h */,
				17D4523C2E129EE7006D1FA1 /* Prova.swift */,
				17D452422E129EF1006D1FA1 /* QuestaoRow.swift */,
				17D452432E129EF1006D1FA1 /* QuestoesView.swift */,
				17D452452E129EF2006D1FA1 /* RespostasManager.swift */,
				17D452112E129EB7006D1FA1 /* simunadoApp.swift */,
				17D452152E129EB9006D1FA1 /* Assets.xcassets */,
				17D452172E129EB9006D1FA1 /* Preview Content */,
			);
			path = simunado;
			sourceTree = "<group>";
		};
		17D452172E129EB9006D1FA1 /* Preview Content */ = {
			isa = PBXGroup;
			children = (
				17D452182E129EB9006D1FA1 /* Preview Assets.xcassets */,
			);
			path = "Preview Content";
			sourceTree = "<group>";
		};
		17D452212E129EB9006D1FA1 /* simunadoTests */ = {
			isa = PBXGroup;
			children = (
				17D452222E129EB9006D1FA1 /* simunadoTests.swift */,
			);
			path = simunadoTests;
			sourceTree = "<group>";
		};
		17D4522B2E129EB9006D1FA1 /* simunadoUITests */ = {
			isa = PBXGroup;
			children = (
				17D4522C2E129EB9006D1FA1 /* simunadoUITests.swift */,
				17D4522E2E129EB9006D1FA1 /* simunadoUITestsLaunchTests.swift */,
			);
			path = simunadoUITests;
			sourceTree = "<group>";
		};
/* End PBXGroup section */

/* Begin PBXNativeTarget section */
		17D4520D2E129EB7006D1FA1 /* simunado */ = {
			isa = PBXNativeTarget;
			buildConfigurationList = 17D452322E129EB9006D1FA1 /* Build configuration list for PBXNativeTarget "simunado" */;
			buildPhases = (
				17D4520A2E129EB7006D1FA1 /* Sources */,
				17D4520B2E129EB7006D1FA1 /* Frameworks */,
				17D4520C2E129EB7006D1FA1 /* Resources */,
			);
			buildRules = (
			);
			dependencies = (
			);
			name = simunado;
			productName = simunado;
			productReference = 17D4520E2E129EB7006D1FA1 /* simunado.app */;
			productType = "com.apple.product-type.application";
		};
		17D4521D2E129EB9006D1FA1 /* simunadoTests */ = {
			isa = PBXNativeTarget;
			buildConfigurationList = 17D452352E129EB9006D1FA1 /* Build configuration list for PBXNativeTarget "simunadoTests" */;
			buildPhases = (
				17D4521A2E129EB9006D1FA1 /* Sources */,
				17D4521B2E129EB9006D1FA1 /* Frameworks */,
				17D4521C2E129EB9006D1FA1 /* Resources */,
			);
			buildRules = (
			);
			dependencies = (
				17D452202E129EB9006D1FA1 /* PBXTargetDependency */,
			);
			name = simunadoTests;
			productName = simunadoTests;
			productReference = 17D4521E2E129EB9006D1FA1 /* simunadoTests.xctest */;
			productType = "com.apple.product-type.bundle.unit-test";
		};
		17D452272E129EB9006D1FA1 /* simunadoUITests */ = {
			isa = PBXNativeTarget;
			buildConfigurationList = 17D452382E129EB9006D1FA1 /* Build configuration list for PBXNativeTarget "simunadoUITests" */;
			buildPhases = (
				17D452242E129EB9006D1FA1 /* Sources */,
				17D452252E129EB9006D1FA1 /* Frameworks */,
				17D452262E129EB9006D1FA1 /* Resources */,
			);
			buildRules = (
			);
			dependencies = (
				17D4522A2E129EB9006D1FA1 /* PBXTargetDependency */,
			);
			name = simunadoUITests;
			productName = simunadoUITests;
			productReference = 17D452282E129EB9006D1FA1 /* simunadoUITests.xctest */;
			productType = "com.apple.product-type.bundle.ui-testing";
		};
/* End PBXNativeTarget section */

/* Begin PBXProject section */
		17D452062E129EB7006D1FA1 /* Project object */ = {
			isa = PBXProject;
			attributes = {
				BuildIndependentTargetsInParallel = 1;
				LastSwiftUpdateCheck = 1520;
				LastUpgradeCheck = 1520;
				TargetAttributes = {
					17D4520D2E129EB7006D1FA1 = {
						CreatedOnToolsVersion = 15.2;
					};
					17D4521D2E129EB9006D1FA1 = {
						CreatedOnToolsVersion = 15.2;
						TestTargetID = 17D4520D2E129EB7006D1FA1;
					};
					17D452272E129EB9006D1FA1 = {
						CreatedOnToolsVersion = 15.2;
						TestTargetID = 17D4520D2E129EB7006D1FA1;
					};
				};
			};
			buildConfigurationList = 17D452092E129EB7006D1FA1 /* Build configuration list for PBXProject "simunado" */;
			compatibilityVersion = "Xcode 14.0";
			developmentRegion = en;
			hasScannedForEncodings = 0;
			knownRegions = (
				en,
				Base,
			);
			mainGroup = 17D452052E129EB7006D1FA1;
			productRefGroup = 17D4520F2E129EB7006D1FA1 /* Products */;
			projectDirPath = "";
			projectRoot = "";
			targets = (
				17D4520D2E129EB7006D1FA1 /* simunado */,
				17D4521D2E129EB9006D1FA1 /* simunadoTests */,
				17D452272E129EB9006D1FA1 /* simunadoUITests */,
			);
		};
/* End PBXProject section */

/* Begin PBXResourcesBuildPhase section */
		17D4520C2E129EB7006D1FA1 /* Resources */ = {
			isa = PBXResourcesBuildPhase;
			buildActionMask = 2147483647;
			files = (
				17D452192E129EB9006D1FA1 /* Preview Assets.xcassets in Resources */,
				17D452552E12A2A7006D1FA1 /* prova_1.json in Resources */,
				17D452162E129EB9006D1FA1 /* Assets.xcassets in Resources */,
			);
			runOnlyForDeploymentPostprocessing = 0;
		};
		17D4521C2E129EB9006D1FA1 /* Resources */ = {
			isa = PBXResourcesBuildPhase;
			buildActionMask = 2147483647;
			files = (
			);
			runOnlyForDeploymentPostprocessing = 0;
		};
		17D452262E129EB9006D1FA1 /* Resources */ = {
			isa = PBXResourcesBuildPhase;
			buildActionMask = 2147483647;
			files = (
			);
			runOnlyForDeploymentPostprocessing = 0;
		};
/* End PBXResourcesBuildPhase section */

/* Begin PBXSourcesBuildPhase section */
		17D4520A2E129EB7006D1FA1 /* Sources */ = {
			isa = PBXSourcesBuildPhase;
			buildActionMask = 2147483647;
			files = (
				17D452472E129EF3006D1FA1 /* ContentView.swift in Sources */,
				17D4524C2E129EF3006D1FA1 /* GabaritoResumoSimplesView.swift in Sources */,
				17D452492E129EF3006D1FA1 /* GabaritoView.swift in Sources */,
				17D452122E129EB7006D1FA1 /* simunadoApp.swift in Sources */,
				17D4524A2E129EF3006D1FA1 /* GabaritoResumoView.swift in Sources */,
				17D4524D2E129EF3006D1FA1 /* QuestaoRow.swift in Sources */,
				17D452502E129EF3006D1FA1 /* RespostasManager.swift in Sources */,
				17D4524B2E129EF3006D1FA1 /* JustifiedText.swift in Sources */,
				17D452512E129EF3006D1FA1 /* JSONLoader.swift in Sources */,
				17D4524E2E129EF3006D1FA1 /* QuestoesView.swift in Sources */,
				17D452482E129EF3006D1FA1 /* Prova.swift in Sources */,
			);
			runOnlyForDeploymentPostprocessing = 0;
		};
		17D4521A2E129EB9006D1FA1 /* Sources */ = {
			isa = PBXSourcesBuildPhase;
			buildActionMask = 2147483647;
			files = (
				17D452232E129EB9006D1FA1 /* simunadoTests.swift in Sources */,
			);
			runOnlyForDeploymentPostprocessing = 0;
		};
		17D452242E129EB9006D1FA1 /* Sources */ = {
			isa = PBXSourcesBuildPhase;
			buildActionMask = 2147483647;
			files = (
				17D4522F2E129EB9006D1FA1 /* simunadoUITestsLaunchTests.swift in Sources */,
				17D4522D2E129EB9006D1FA1 /* simunadoUITests.swift in Sources */,
			);
			runOnlyForDeploymentPostprocessing = 0;
		};
/* End PBXSourcesBuildPhase section */

/* Begin PBXTargetDependency section */
		17D452202E129EB9006D1FA1 /* PBXTargetDependency */ = {
			isa = PBXTargetDependency;
			target = 17D4520D2E129EB7006D1FA1 /* simunado */;
			targetProxy = 17D4521F2E129EB9006D1FA1 /* PBXContainerItemProxy */;
		};
		17D4522A2E129EB9006D1FA1 /* PBXTargetDependency */ = {
			isa = PBXTargetDependency;
			target = 17D4520D2E129EB7006D1FA1 /* simunado */;
			targetProxy = 17D452292E129EB9006D1FA1 /* PBXContainerItemProxy */;
		};
/* End PBXTargetDependency section */

/* Begin XCBuildConfiguration section */
		17D452302E129EB9006D1FA1 /* Debug */ = {
			isa = XCBuildConfiguration;
			buildSettings = {
				ALWAYS_SEARCH_USER_PATHS = NO;
				ASSETCATALOG_COMPILER_GENERATE_SWIFT_ASSET_SYMBOL_EXTENSIONS = YES;
				CLANG_ANALYZER_NONNULL = YES;
				CLANG_ANALYZER_NUMBER_OBJECT_CONVERSION = YES_AGGRESSIVE;
				CLANG_CXX_LANGUAGE_STANDARD = "gnu++20";
				CLANG_ENABLE_MODULES = YES;
				CLANG_ENABLE_OBJC_ARC = YES;
				CLANG_ENABLE_OBJC_WEAK = YES;
				CLANG_WARN_BLOCK_CAPTURE_AUTORELEASING = YES;
				CLANG_WARN_BOOL_CONVERSION = YES;
				CLANG_WARN_COMMA = YES;
				CLANG_WARN_CONSTANT_CONVERSION = YES;
				CLANG_WARN_DEPRECATED_OBJC_IMPLEMENTATIONS = YES;
				CLANG_WARN_DIRECT_OBJC_ISA_USAGE = YES_ERROR;
				CLANG_WARN_DOCUMENTATION_COMMENTS = YES;
				CLANG_WARN_EMPTY_BODY = YES;
				CLANG_WARN_ENUM_CONVERSION = YES;
				CLANG_WARN_INFINITE_RECURSION = YES;
				CLANG_WARN_INT_CONVERSION = YES;
				CLANG_WARN_NON_LITERAL_NULL_CONVERSION = YES;
				CLANG_WARN_OBJC_IMPLICIT_RETAIN_SELF = YES;
				CLANG_WARN_OBJC_LITERAL_CONVERSION = YES;
				CLANG_WARN_OBJC_ROOT_CLASS = YES_ERROR;
				CLANG_WARN_QUOTED_INCLUDE_IN_FRAMEWORK_HEADER = YES;
				CLANG_WARN_RANGE_LOOP_ANALYSIS = YES;
				CLANG_WARN_STRICT_PROTOTYPES = YES;
				CLANG_WARN_SUSPICIOUS_MOVE = YES;
				CLANG_WARN_UNGUARDED_AVAILABILITY = YES_AGGRESSIVE;
				CLANG_WARN_UNREACHABLE_CODE = YES;
				CLANG_WARN__DUPLICATE_METHOD_MATCH = YES;
				COPY_PHASE_STRIP = NO;
				DEBUG_INFORMATION_FORMAT = dwarf;
				ENABLE_STRICT_OBJC_MSGSEND = YES;
				ENABLE_TESTABILITY = YES;
				ENABLE_USER_SCRIPT_SANDBOXING = YES;
				GCC_C_LANGUAGE_STANDARD = gnu17;
				GCC_DYNAMIC_NO_PIC = NO;
				GCC_NO_COMMON_BLOCKS = YES;
				GCC_OPTIMIZATION_LEVEL = 0;
				GCC_PREPROCESSOR_DEFINITIONS = (
					"DEBUG=1",
					"$(inherited)",
				);
				GCC_WARN_64_TO_32_BIT_CONVERSION = YES;
				GCC_WARN_ABOUT_RETURN_TYPE = YES_ERROR;
				GCC_WARN_UNDECLARED_SELECTOR = YES;
				GCC_WARN_UNINITIALIZED_AUTOS = YES_AGGRESSIVE;
				GCC_WARN_UNUSED_FUNCTION = YES;
				GCC_WARN_UNUSED_VARIABLE = YES;
				IPHONEOS_DEPLOYMENT_TARGET = 17.2;
				LOCALIZATION_PREFERS_STRING_CATALOGS = YES;
				MTL_ENABLE_DEBUG_INFO = INCLUDE_SOURCE;
				MTL_FAST_MATH = YES;
				ONLY_ACTIVE_ARCH = YES;
				SDKROOT = iphoneos;
				SWIFT_ACTIVE_COMPILATION_CONDITIONS = "DEBUG $(inherited)";
				SWIFT_OPTIMIZATION_LEVEL = "-Onone";
			};
			name = Debug;
		};
		17D452312E129EB9006D1FA1 /* Release */ = {
			isa = XCBuildConfiguration;
			buildSettings = {
				ALWAYS_SEARCH_USER_PATHS = NO;
				ASSETCATALOG_COMPILER_GENERATE_SWIFT_ASSET_SYMBOL_EXTENSIONS = YES;
				CLANG_ANALYZER_NONNULL = YES;
				CLANG_ANALYZER_NUMBER_OBJECT_CONVERSION = YES_AGGRESSIVE;
				CLANG_CXX_LANGUAGE_STANDARD = "gnu++20";
				CLANG_ENABLE_MODULES = YES;
				CLANG_ENABLE_OBJC_ARC = YES;
				CLANG_ENABLE_OBJC_WEAK = YES;
				CLANG_WARN_BLOCK_CAPTURE_AUTORELEASING = YES;
				CLANG_WARN_BOOL_CONVERSION = YES;
				CLANG_WARN_COMMA = YES;
				CLANG_WARN_CONSTANT_CONVERSION = YES;
				CLANG_WARN_DEPRECATED_OBJC_IMPLEMENTATIONS = YES;
				CLANG_WARN_DIRECT_OBJC_ISA_USAGE = YES_ERROR;
				CLANG_WARN_DOCUMENTATION_COMMENTS = YES;
				CLANG_WARN_EMPTY_BODY = YES;
				CLANG_WARN_ENUM_CONVERSION = YES;
				CLANG_WARN_INFINITE_RECURSION = YES;
				CLANG_WARN_INT_CONVERSION = YES;
				CLANG_WARN_NON_LITERAL_NULL_CONVERSION = YES;
				CLANG_WARN_OBJC_IMPLICIT_RETAIN_SELF = YES;
				CLANG_WARN_OBJC_LITERAL_CONVERSION = YES;
				CLANG_WARN_OBJC_ROOT_CLASS = YES_ERROR;
				CLANG_WARN_QUOTED_INCLUDE_IN_FRAMEWORK_HEADER = YES;
				CLANG_WARN_RANGE_LOOP_ANALYSIS = YES;
				CLANG_WARN_STRICT_PROTOTYPES = YES;
				CLANG_WARN_SUSPICIOUS_MOVE = YES;
				CLANG_WARN_UNGUARDED_AVAILABILITY = YES_AGGRESSIVE;
				CLANG_WARN_UNREACHABLE_CODE = YES;
				CLANG_WARN__DUPLICATE_METHOD_MATCH = YES;
				COPY_PHASE_STRIP = NO;
				DEBUG_INFORMATION_FORMAT = "dwarf-with-dsym";
				ENABLE_NS_ASSERTIONS = NO;
				ENABLE_STRICT_OBJC_MSGSEND = YES;
				ENABLE_USER_SCRIPT_SANDBOXING = YES;
				GCC_C_LANGUAGE_STANDARD = gnu17;
				GCC_NO_COMMON_BLOCKS = YES;
				GCC_WARN_64_TO_32_BIT_CONVERSION = YES;
				GCC_WARN_ABOUT_RETURN_TYPE = YES_ERROR;
				GCC_WARN_UNDECLARED_SELECTOR = YES;
				GCC_WARN_UNINITIALIZED_AUTOS = YES_AGGRESSIVE;
				GCC_WARN_UNUSED_FUNCTION = YES;
				GCC_WARN_UNUSED_VARIABLE = YES;
				IPHONEOS_DEPLOYMENT_TARGET = 17.2;
				LOCALIZATION_PREFERS_STRING_CATALOGS = YES;
				MTL_ENABLE_DEBUG_INFO = NO;
				MTL_FAST_MATH = YES;
				SDKROOT = iphoneos;
				SWIFT_COMPILATION_MODE = wholemodule;
				VALIDATE_PRODUCT = YES;
			};
			name = Release;
		};
		17D452332E129EB9006D1FA1 /* Debug */ = {
			isa = XCBuildConfiguration;
			buildSettings = {
				ASSETCATALOG_COMPILER_APPICON_NAME = AppIcon;
				ASSETCATALOG_COMPILER_GLOBAL_ACCENT_COLOR_NAME = AccentColor;
				CODE_SIGN_STYLE = Automatic;
				CURRENT_PROJECT_VERSION = 1;
				DEVELOPMENT_ASSET_PATHS = "\"simunado/Preview Content\"";
				DEVELOPMENT_TEAM = LY632H23VL;
				ENABLE_PREVIEWS = YES;
				GENERATE_INFOPLIST_FILE = YES;
				INFOPLIST_KEY_CFBundleDisplayName = SIMUNADO;
				INFOPLIST_KEY_UIApplicationSceneManifest_Generation = YES;
				INFOPLIST_KEY_UIApplicationSupportsIndirectInputEvents = YES;
				INFOPLIST_KEY_UILaunchScreen_Generation = YES;
				INFOPLIST_KEY_UISupportedInterfaceOrientations_iPad = "UIInterfaceOrientationPortrait UIInterfaceOrientationPortraitUpsideDown UIInterfaceOrientationLandscapeLeft UIInterfaceOrientationLandscapeRight";
				INFOPLIST_KEY_UISupportedInterfaceOrientations_iPhone = "UIInterfaceOrientationPortrait UIInterfaceOrientationLandscapeLeft UIInterfaceOrientationLandscapeRight";
				LD_RUNPATH_SEARCH_PATHS = (
					"$(inherited)",
					"@executable_path/Frameworks",
				);
				MARKETING_VERSION = 1.0;
				PRODUCT_BUNDLE_IDENTIFIER = muna.simunado;
				PRODUCT_NAME = "$(TARGET_NAME)";
				SWIFT_EMIT_LOC_STRINGS = YES;
				SWIFT_VERSION = 5.0;
				TARGETED_DEVICE_FAMILY = "1,2";
			};
			name = Debug;
		};
		17D452342E129EB9006D1FA1 /* Release */ = {
			isa = XCBuildConfiguration;
			buildSettings = {
				ASSETCATALOG_COMPILER_APPICON_NAME = AppIcon;
				ASSETCATALOG_COMPILER_GLOBAL_ACCENT_COLOR_NAME = AccentColor;
				CODE_SIGN_STYLE = Automatic;
				CURRENT_PROJECT_VERSION = 1;
				DEVELOPMENT_ASSET_PATHS = "\"simunado/Preview Content\"";
				DEVELOPMENT_TEAM = LY632H23VL;
				ENABLE_PREVIEWS = YES;
				GENERATE_INFOPLIST_FILE = YES;
				INFOPLIST_KEY_CFBundleDisplayName = SIMUNADO;
				INFOPLIST_KEY_UIApplicationSceneManifest_Generation = YES;
				INFOPLIST_KEY_UIApplicationSupportsIndirectInputEvents = YES;
				INFOPLIST_KEY_UILaunchScreen_Generation = YES;
				INFOPLIST_KEY_UISupportedInterfaceOrientations_iPad = "UIInterfaceOrientationPortrait UIInterfaceOrientationPortraitUpsideDown UIInterfaceOrientationLandscapeLeft UIInterfaceOrientationLandscapeRight";
				INFOPLIST_KEY_UISupportedInterfaceOrientations_iPhone = "UIInterfaceOrientationPortrait UIInterfaceOrientationLandscapeLeft UIInterfaceOrientationLandscapeRight";
				LD_RUNPATH_SEARCH_PATHS = (
					"$(inherited)",
					"@executable_path/Frameworks",
				);
				MARKETING_VERSION = 1.0;
				PRODUCT_BUNDLE_IDENTIFIER = muna.simunado;
				PRODUCT_NAME = "$(TARGET_NAME)";
				SWIFT_EMIT_LOC_STRINGS = YES;
				SWIFT_VERSION = 5.0;
				TARGETED_DEVICE_FAMILY = "1,2";
			};
			name = Release;
		};
		17D452362E129EB9006D1FA1 /* Debug */ = {
			isa = XCBuildConfiguration;
			buildSettings = {
				ALWAYS_EMBED_SWIFT_STANDARD_LIBRARIES = YES;
				BUNDLE_LOADER = "$(TEST_HOST)";
				CODE_SIGN_STYLE = Automatic;
				CURRENT_PROJECT_VERSION = 1;
				GENERATE_INFOPLIST_FILE = YES;
				IPHONEOS_DEPLOYMENT_TARGET = 17.2;
				MARKETING_VERSION = 1.0;
				PRODUCT_BUNDLE_IDENTIFIER = muna.simunadoTests;
				PRODUCT_NAME = "$(TARGET_NAME)";
				SWIFT_EMIT_LOC_STRINGS = NO;
				SWIFT_VERSION = 5.0;
				TARGETED_DEVICE_FAMILY = "1,2";
				TEST_HOST = "$(BUILT_PRODUCTS_DIR)/simunado.app/$(BUNDLE_EXECUTABLE_FOLDER_PATH)/simunado";
			};
			name = Debug;
		};
		17D452372E129EB9006D1FA1 /* Release */ = {
			isa = XCBuildConfiguration;
			buildSettings = {
				ALWAYS_EMBED_SWIFT_STANDARD_LIBRARIES = YES;
				BUNDLE_LOADER = "$(TEST_HOST)";
				CODE_SIGN_STYLE = Automatic;
				CURRENT_PROJECT_VERSION = 1;
				GENERATE_INFOPLIST_FILE = YES;
				IPHONEOS_DEPLOYMENT_TARGET = 17.2;
				MARKETING_VERSION = 1.0;
				PRODUCT_BUNDLE_IDENTIFIER = muna.simunadoTests;
				PRODUCT_NAME = "$(TARGET_NAME)";
				SWIFT_EMIT_LOC_STRINGS = NO;
				SWIFT_VERSION = 5.0;
				TARGETED_DEVICE_FAMILY = "1,2";
				TEST_HOST = "$(BUILT_PRODUCTS_DIR)/simunado.app/$(BUNDLE_EXECUTABLE_FOLDER_PATH)/simunado";
			};
			name = Release;
		};
		17D452392E129EB9006D1FA1 /* Debug */ = {
			isa = XCBuildConfiguration;
			buildSettings = {
				ALWAYS_EMBED_SWIFT_STANDARD_LIBRARIES = YES;
				CODE_SIGN_STYLE = Automatic;
				CURRENT_PROJECT_VERSION = 1;
				GENERATE_INFOPLIST_FILE = YES;
				MARKETING_VERSION = 1.0;
				PRODUCT_BUNDLE_IDENTIFIER = muna.simunadoUITests;
				PRODUCT_NAME = "$(TARGET_NAME)";
				SWIFT_EMIT_LOC_STRINGS = NO;
				SWIFT_VERSION = 5.0;
				TARGETED_DEVICE_FAMILY = "1,2";
				TEST_TARGET_NAME = simunado;
			};
			name = Debug;
		};
		17D4523A2E129EB9006D1FA1 /* Release */ = {
			isa = XCBuildConfiguration;
			buildSettings = {
				ALWAYS_EMBED_SWIFT_STANDARD_LIBRARIES = YES;
				CODE_SIGN_STYLE = Automatic;
				CURRENT_PROJECT_VERSION = 1;
				GENERATE_INFOPLIST_FILE = YES;
				MARKETING_VERSION = 1.0;
				PRODUCT_BUNDLE_IDENTIFIER = muna.simunadoUITests;
				PRODUCT_NAME = "$(TARGET_NAME)";
				SWIFT_EMIT_LOC_STRINGS = NO;
				SWIFT_VERSION = 5.0;
				TARGETED_DEVICE_FAMILY = "1,2";
				TEST_TARGET_NAME = simunado;
			};
			name = Release;
		};
/* End XCBuildConfiguration section */

/* Begin XCConfigurationList section */
		17D452092E129EB7006D1FA1 /* Build configuration list for PBXProject "simunado" */ = {
			isa = XCConfigurationList;
			buildConfigurations = (
				17D452302E129EB9006D1FA1 /* Debug */,
				17D452312E129EB9006D1FA1 /* Release */,
			);
			defaultConfigurationIsVisible = 0;
			defaultConfigurationName = Release;
		};
		17D452322E129EB9006D1FA1 /* Build configuration list for PBXNativeTarget "simunado" */ = {
			isa = XCConfigurationList;
			buildConfigurations = (
				17D452332E129EB9006D1FA1 /* Debug */,
				17D452342E129EB9006D1FA1 /* Release */,
			);
			defaultConfigurationIsVisible = 0;
			defaultConfigurationName = Release;
		};
		17D452352E129EB9006D1FA1 /* Build configuration list for PBXNativeTarget "simunadoTests" */ = {
			isa = XCConfigurationList;
			buildConfigurations = (
				17D452362E129EB9006D1FA1 /* Debug */,
				17D452372E129EB9006D1FA1 /* Release */,
			);
			defaultConfigurationIsVisible = 0;
			defaultConfigurationName = Release;
		};
		17D452382E129EB9006D1FA1 /* Build configuration list for PBXNativeTarget "simunadoUITests" */ = {
			isa = XCConfigurationList;
			buildConfigurations = (
				17D452392E129EB9006D1FA1 /* Debug */,
				17D4523A2E129EB9006D1FA1 /* Release */,
			);
			defaultConfigurationIsVisible = 0;
			defaultConfigurationName = Release;
		};
/* End XCConfigurationList section */
	};
	rootObject = 17D452062E129EB7006D1FA1 /* Project object */;
}
